
Microsoft Visual Studio Solution File, Format Version 12.00
# Visual Studio Version 17
VisualStudioVersion = 17.5.33424.131
MinimumVisualStudioVersion = 10.0.40219.1
Project("{FAE04EC0-301F-11D3-BF4B-00C04F79EFBC}") = "Domain", "Domain\Domain.csproj", "{39F9B347-F8AF-4AA5-B5E4-A1DD2D4CD344}"
EndProject
Project("{FAE04EC0-301F-11D3-BF4B-00C04F79EFBC}") = "Application", "Application\Application.csproj", "{4089E9CC-E8C5-447E-8C54-4CC50F36D207}"
EndProject
Project("{FAE04EC0-301F-11D3-BF4B-00C04F79EFBC}") = "Persistence", "Persistence\Persistence.csproj", "{391AFD52-D855-4079-96A3-641EC72F7DB6}"
EndProject
Project("{FAE04EC0-301F-11D3-BF4B-00C04F79EFBC}") = "Api", "Api\Api.csproj", "{EE911045-9C19-497B-AC5B-A5F886204190}"
	ProjectSection(ProjectDependencies) = postProject
		{391AFD52-D855-4079-96A3-641EC72F7DB6} = {391AFD52-D855-4079-96A3-641EC72F7DB6}
		{4089E9CC-E8C5-447E-8C54-4CC50F36D207} = {4089E9CC-E8C5-447E-8C54-4CC50F36D207}
	EndProjectSection
EndProject
Global
	GlobalSection(SolutionConfigurationPlatforms) = preSolution
		Debug|Any CPU = Debug|Any CPU
		Release|Any CPU = Release|Any CPU
	EndGlobalSection
	GlobalSection(ProjectConfigurationPlatforms) = postSolution
		{39F9B347-F8AF-4AA5-B5E4-A1DD2D4CD344}.Debug|Any CPU.ActiveCfg = Debug|Any CPU
		{39F9B347-F8AF-4AA5-B5E4-A1DD2D4CD344}.Debug|Any CPU.Build.0 = Debug|Any CPU
		{39F9B347-F8AF-4AA5-B5E4-A1DD2D4CD344}.Release|Any CPU.ActiveCfg = Release|Any CPU
		{39F9B347-F8AF-4AA5-B5E4-A1DD2D4CD344}.Release|Any CPU.Build.0 = Release|Any CPU
		{4089E9CC-E8C5-447E-8C54-4CC50F36D207}.Debug|Any CPU.ActiveCfg = Debug|Any CPU
		{4089E9CC-E8C5-447E-8C54-4CC50F36D207}.Debug|Any CPU.Build.0 = Debug|Any CPU
		{4089E9CC-E8C5-447E-8C54-4CC50F36D207}.Release|Any CPU.ActiveCfg = Release|Any CPU
		{4089E9CC-E8C5-447E-8C54-4CC50F36D207}.Release|Any CPU.Build.0 = Release|Any CPU
		{391AFD52-D855-4079-96A3-641EC72F7DB6}.Debug|Any CPU.ActiveCfg = Debug|Any CPU
		{391AFD52-D855-4079-96A3-641EC72F7DB6}.Debug|Any CPU.Build.0 = Debug|Any CPU
		{391AFD52-D855-4079-96A3-641EC72F7DB6}.Release|Any CPU.ActiveCfg = Release|Any CPU
		{391AFD52-D855-4079-96A3-641EC72F7DB6}.Release|Any CPU.Build.0 = Release|Any CPU
		{EE911045-9C19-497B-AC5B-A5F886204190}.Debug|Any CPU.ActiveCfg = Debug|Any CPU
		{EE911045-9C19-497B-AC5B-A5F886204190}.Debug|Any CPU.Build.0 = Debug|Any CPU
		{EE911045-9C19-497B-AC5B-A5F886204190}.Release|Any CPU.ActiveCfg = Release|Any CPU
		{EE911045-9C19-497B-AC5B-A5F886204190}.Release|Any CPU.Build.0 = Release|Any CPU
	EndGlobalSection
	GlobalSection(SolutionProperties) = preSolution
		HideSolutionNode = FALSE
	EndGlobalSection
	GlobalSection(ExtensibilityGlobals) = postSolution
		SolutionGuid = {2B0B059E-8981-4343-A5C7-E9F00C293B6C}
	EndGlobalSection
EndGlobal
